// !$*UTF8*$!
{
	archiveVersion = 1;
	classes = {
	};
	objectVersion = 55;
	objects = {

/* Begin PBXBuildFile section */
		57342C5C27F4618E00EBFFD9 /* WTUnitySDK.mm in Sources */ = {isa = PBXBuildFile; fileRef = 57342C5B27F4618E00EBFFD9 /* WTUnitySDK.mm */; };
		57342C5F27F47A5000EBFFD9 /* main.m in Sources */ = {isa = PBXBuildFile; fileRef = 57342C5E27F47A5000EBFFD9 /* main.m */; };
		574EBAAD288A7FD900C929C9 /* WTModelInfo.m in Sources */ = {isa = PBXBuildFile; fileRef = 574EBAAC288A7FD900C929C9 /* WTModelInfo.m */; };
		578903C227FAE11500B96731 /* ARCameraViewController.mm in Sources */ = {isa = PBXBuildFile; fileRef = 578903C127FAE11500B96731 /* ARCameraViewController.mm */; };
		578D275527F14E1300B57BB8 /* AppDelegate.mm in Sources */ = {isa = PBXBuildFile; fileRef = 578D275427F14E1300B57BB8 /* AppDelegate.mm */; };
		578D275E27F14E1300B57BB8 /* Main.storyboard in Resources */ = {isa = PBXBuildFile; fileRef = 578D275C27F14E1300B57BB8 /* Main.storyboard */; };
		578D276027F14E1500B57BB8 /* Assets.xcassets in Resources */ = {isa = PBXBuildFile; fileRef = 578D275F27F14E1500B57BB8 /* Assets.xcassets */; };
		578D276327F14E1500B57BB8 /* LaunchScreen.storyboard in Resources */ = {isa = PBXBuildFile; fileRef = 578D276127F14E1500B57BB8 /* LaunchScreen.storyboard */; };
		578D279A27F16A4500B57BB8 /* UnityFramework.framework in Embed Frameworks */ = {isa = PBXBuildFile; fileRef = 578D279827F16A4500B57BB8 /* UnityFramework.framework */; settings = {ATTRIBUTES = (CodeSignOnCopy, RemoveHeadersOnCopy, ); }; };
		578D279E27F1944800B57BB8 /* MainViewController.mm in Sources */ = {isa = PBXBuildFile; fileRef = 578D279D27F1944800B57BB8 /* MainViewController.mm */; };
		578D27A227F1997000B57BB8 /* MenuViewController.mm in Sources */ = {isa = PBXBuildFile; fileRef = 578D27A127F1997000B57BB8 /* MenuViewController.mm */; };
		578D27A527F1B39E00B57BB8 /* TestUnityViewController.mm in Sources */ = {isa = PBXBuildFile; fileRef = 578D27A427F1B39E00B57BB8 /* TestUnityViewController.mm */; };
		578D27AF27F1CEE700B57BB8 /* SuperNetwork_mvp.framework in Embed Frameworks */ = {isa = PBXBuildFile; fileRef = 578D27AB27F1CEC600B57BB8 /* SuperNetwork_mvp.framework */; settings = {ATTRIBUTES = (CodeSignOnCopy, RemoveHeadersOnCopy, ); }; };
		578D27B127F1CEE800B57BB8 /* MVZMQNetwork.framework in Embed Frameworks */ = {isa = PBXBuildFile; fileRef = 578D27AA27F1CEC600B57BB8 /* MVZMQNetwork.framework */; settings = {ATTRIBUTES = (CodeSignOnCopy, RemoveHeadersOnCopy, ); }; };
		578D27B327F1CEE900B57BB8 /* MVX2File_mvp.framework in Embed Frameworks */ = {isa = PBXBuildFile; fileRef = 578D27A627F1CEAD00B57BB8 /* MVX2File_mvp.framework */; settings = {ATTRIBUTES = (CodeSignOnCopy, RemoveHeadersOnCopy, ); }; };
		578D27BB27F1CF3500B57BB8 /* MVCommon.framework in Embed Frameworks */ = {isa = PBXBuildFile; fileRef = 578D27B427F1CF1B00B57BB8 /* MVCommon.framework */; settings = {ATTRIBUTES = (CodeSignOnCopy, RemoveHeadersOnCopy, ); }; };
		578D27BD27F1CF3900B57BB8 /* Mvx2.framework in Embed Frameworks */ = {isa = PBXBuildFile; fileRef = 578D27B527F1CF1B00B57BB8 /* Mvx2.framework */; settings = {ATTRIBUTES = (CodeSignOnCopy, RemoveHeadersOnCopy, ); }; };
		578D27BF27F1CF4800B57BB8 /* Mvx2BasicIO.framework in Embed Frameworks */ = {isa = PBXBuildFile; fileRef = 578D27B627F1CF1B00B57BB8 /* Mvx2BasicIO.framework */; settings = {ATTRIBUTES = (CodeSignOnCopy, RemoveHeadersOnCopy, ); }; };
		578F5AFA2840C88C001DD269 /* Frame3DViewController.mm in Sources */ = {isa = PBXBuildFile; fileRef = 578F5AF92840C88C001DD269 /* Frame3DViewController.mm */; };
		57A2A21B28453BC8000C6DEB /* ARReferenceImages.xcassets in Resources */ = {isa = PBXBuildFile; fileRef = 57A2A21A28453BC8000C6DEB /* ARReferenceImages.xcassets */; };
		57CAD2B128470360001E8BC5 /* UniversalTestViewController.mm in Sources */ = {isa = PBXBuildFile; fileRef = 57CAD2B028470360001E8BC5 /* UniversalTestViewController.mm */; };
		57F4CBEA280FF2B6008EF605 /* ARPreviewViewController.mm in Sources */ = {isa = PBXBuildFile; fileRef = 57F4CBE9280FF2B6008EF605 /* ARPreviewViewController.mm */; };
		57FABAA227F6CAF500A40F9B /* HelperMD5.cpp in Sources */ = {isa = PBXBuildFile; fileRef = 57FABA9F27F6CAF500A40F9B /* HelperMD5.cpp */; };
		57FABAA327F6CAF500A40F9B /* HelperMD5Utils.mm in Sources */ = {isa = PBXBuildFile; fileRef = 57FABAA027F6CAF500A40F9B /* HelperMD5Utils.mm */; };
		57FABAA627F6CB4500A40F9B /* MockingFileHelper.m in Sources */ = {isa = PBXBuildFile; fileRef = 57FABAA527F6CB4500A40F9B /* MockingFileHelper.m */; };
		57FABAA727F6E23C00A40F9B /* Models in Resources */ = {isa = PBXBuildFile; fileRef = 57FABA9B27F6CA7C00A40F9B /* Models */; };
/* End PBXBuildFile section */

/* Begin PBXCopyFilesBuildPhase section */
		578D279B27F16A4500B57BB8 /* Embed Frameworks */ = {
			isa = PBXCopyFilesBuildPhase;
			buildActionMask = 2147483647;
			dstPath = "";
			dstSubfolderSpec = 10;
			files = (
				578D279A27F16A4500B57BB8 /* UnityFramework.framework in Embed Frameworks */,
				578D27BF27F1CF4800B57BB8 /* Mvx2BasicIO.framework in Embed Frameworks */,
				578D27BB27F1CF3500B57BB8 /* MVCommon.framework in Embed Frameworks */,
				578D27B327F1CEE900B57BB8 /* MVX2File_mvp.framework in Embed Frameworks */,
				578D27BD27F1CF3900B57BB8 /* Mvx2.framework in Embed Frameworks */,
				578D27B127F1CEE800B57BB8 /* MVZMQNetwork.framework in Embed Frameworks */,
				578D27AF27F1CEE700B57BB8 /* SuperNetwork_mvp.framework in Embed Frameworks */,
			);
			name = "Embed Frameworks";
			runOnlyForDeploymentPostprocessing = 0;
		};
/* End PBXCopyFilesBuildPhase section */

/* Begin PBXFileReference section */
		57342C5A27F4618E00EBFFD9 /* WTUnitySDK.h */ = {isa = PBXFileReference; lastKnownFileType = sourcecode.c.h; path = WTUnitySDK.h; sourceTree = "<group>"; };
		57342C5B27F4618E00EBFFD9 /* WTUnitySDK.mm */ = {isa = PBXFileReference; lastKnownFileType = sourcecode.cpp.objcpp; path = WTUnitySDK.mm; sourceTree = "<group>"; };
		57342C5D27F463DA00EBFFD9 /* PrefixHeader.pch */ = {isa = PBXFileReference; lastKnownFileType = sourcecode.c.h; path = PrefixHeader.pch; sourceTree = "<group>"; };
		57342C5E27F47A5000EBFFD9 /* main.m */ = {isa = PBXFileReference; lastKnownFileType = sourcecode.c.objc; path = main.m; sourceTree = "<group>"; };
		574EBAAB288A7FD900C929C9 /* WTModelInfo.h */ = {isa = PBXFileReference; lastKnownFileType = sourcecode.c.h; path = WTModelInfo.h; sourceTree = "<group>"; };
		574EBAAC288A7FD900C929C9 /* WTModelInfo.m */ = {isa = PBXFileReference; lastKnownFileType = sourcecode.c.objc; path = WTModelInfo.m; sourceTree = "<group>"; };
		578903C027FAE11500B96731 /* ARCameraViewController.h */ = {isa = PBXFileReference; lastKnownFileType = sourcecode.c.h; path = ARCameraViewController.h; sourceTree = "<group>"; };
		578903C127FAE11500B96731 /* ARCameraViewController.mm */ = {isa = PBXFileReference; lastKnownFileType = sourcecode.cpp.objcpp; path = ARCameraViewController.mm; sourceTree = "<group>"; };
		578D275027F14E1300B57BB8 /* ARCameraDemo.app */ = {isa = PBXFileReference; explicitFileType = wrapper.application; includeInIndex = 0; path = ARCameraDemo.app; sourceTree = BUILT_PRODUCTS_DIR; };
		578D275327F14E1300B57BB8 /* AppDelegate.h */ = {isa = PBXFileReference; lastKnownFileType = sourcecode.c.h; path = AppDelegate.h; sourceTree = "<group>"; };
		578D275427F14E1300B57BB8 /* AppDelegate.mm */ = {isa = PBXFileReference; lastKnownFileType = sourcecode.cpp.objcpp; path = AppDelegate.mm; sourceTree = "<group>"; };
		578D275D27F14E1300B57BB8 /* Base */ = {isa = PBXFileReference; lastKnownFileType = file.storyboard; name = Base; path = Base.lproj/Main.storyboard; sourceTree = "<group>"; };
		578D275F27F14E1500B57BB8 /* Assets.xcassets */ = {isa = PBXFileReference; lastKnownFileType = folder.assetcatalog; path = Assets.xcassets; sourceTree = "<group>"; };
		578D276227F14E1500B57BB8 /* Base */ = {isa = PBXFileReference; lastKnownFileType = file.storyboard; name = Base; path = Base.lproj/LaunchScreen.storyboard; sourceTree = "<group>"; };
		578D276427F14E1500B57BB8 /* Info.plist */ = {isa = PBXFileReference; lastKnownFileType = text.plist.xml; path = Info.plist; sourceTree = "<group>"; };
		578D279827F16A4500B57BB8 /* UnityFramework.framework */ = {isa = PBXFileReference; explicitFileType = wrapper.framework; path = UnityFramework.framework; sourceTree = BUILT_PRODUCTS_DIR; };
		578D279D27F1944800B57BB8 /* MainViewController.mm */ = {isa = PBXFileReference; fileEncoding = 4; lastKnownFileType = sourcecode.cpp.objcpp; path = MainViewController.mm; sourceTree = "<group>"; };
		578D27A027F1997000B57BB8 /* MenuViewController.h */ = {isa = PBXFileReference; lastKnownFileType = sourcecode.c.h; path = MenuViewController.h; sourceTree = "<group>"; };
		578D27A127F1997000B57BB8 /* MenuViewController.mm */ = {isa = PBXFileReference; lastKnownFileType = sourcecode.cpp.objcpp; path = MenuViewController.mm; sourceTree = "<group>"; };
		578D27A327F1B39E00B57BB8 /* TestUnityViewController.h */ = {isa = PBXFileReference; lastKnownFileType = sourcecode.c.h; path = TestUnityViewController.h; sourceTree = "<group>"; };
		578D27A427F1B39E00B57BB8 /* TestUnityViewController.mm */ = {isa = PBXFileReference; lastKnownFileType = sourcecode.cpp.objcpp; path = TestUnityViewController.mm; sourceTree = "<group>"; };
		578D27A627F1CEAD00B57BB8 /* MVX2File_mvp.framework */ = {isa = PBXFileReference; lastKnownFileType = wrapper.framework; name = MVX2File_mvp.framework; path = ../../../UnityProjects/ARCamera/Builds/iOS/Frameworks/Plugins/Mvx2/plugins/ios/MVX2File_mvp.framework; sourceTree = "<group>"; };
		578D27AA27F1CEC600B57BB8 /* MVZMQNetwork.framework */ = {isa = PBXFileReference; lastKnownFileType = wrapper.framework; name = MVZMQNetwork.framework; path = ../../../UnityProjects/ARCamera/Builds/iOS/Frameworks/Plugins/Mvx2/plugins/ios/MVZMQNetwork.framework; sourceTree = "<group>"; };
		578D27AB27F1CEC600B57BB8 /* SuperNetwork_mvp.framework */ = {isa = PBXFileReference; lastKnownFileType = wrapper.framework; name = SuperNetwork_mvp.framework; path = ../../../UnityProjects/ARCamera/Builds/iOS/Frameworks/Plugins/Mvx2/plugins/ios/SuperNetwork_mvp.framework; sourceTree = "<group>"; };
		578D27B427F1CF1B00B57BB8 /* MVCommon.framework */ = {isa = PBXFileReference; lastKnownFileType = wrapper.framework; name = MVCommon.framework; path = ../../../UnityProjects/ARCamera/Builds/iOS/Frameworks/Plugins/Mvx2/lib/ios/MVCommon.framework; sourceTree = "<group>"; };
		578D27B527F1CF1B00B57BB8 /* Mvx2.framework */ = {isa = PBXFileReference; lastKnownFileType = wrapper.framework; name = Mvx2.framework; path = ../../../UnityProjects/ARCamera/Builds/iOS/Frameworks/Plugins/Mvx2/lib/ios/Mvx2.framework; sourceTree = "<group>"; };
		578D27B627F1CF1B00B57BB8 /* Mvx2BasicIO.framework */ = {isa = PBXFileReference; lastKnownFileType = wrapper.framework; name = Mvx2BasicIO.framework; path = ../../../UnityProjects/ARCamera/Builds/iOS/Frameworks/Plugins/Mvx2/lib/ios/Mvx2BasicIO.framework; sourceTree = "<group>"; };
		578F5AF82840C88C001DD269 /* Frame3DViewController.h */ = {isa = PBXFileReference; lastKnownFileType = sourcecode.c.h; path = Frame3DViewController.h; sourceTree = "<group>"; };
		578F5AF92840C88C001DD269 /* Frame3DViewController.mm */ = {isa = PBXFileReference; lastKnownFileType = sourcecode.cpp.objcpp; path = Frame3DViewController.mm; sourceTree = "<group>"; };
		57A2A21A28453BC8000C6DEB /* ARReferenceImages.xcassets */ = {isa = PBXFileReference; lastKnownFileType = folder.assetcatalog; name = ARReferenceImages.xcassets; path = "../../../../UnityProjects/ARCamera/Builds/iOS/Unity-iPhone/ARReferenceImages.xcassets"; sourceTree = "<group>"; };
		57CAD2AF28470360001E8BC5 /* UniversalTestViewController.h */ = {isa = PBXFileReference; lastKnownFileType = sourcecode.c.h; path = UniversalTestViewController.h; sourceTree = "<group>"; };
		57CAD2B028470360001E8BC5 /* UniversalTestViewController.mm */ = {isa = PBXFileReference; lastKnownFileType = sourcecode.cpp.objcpp; path = UniversalTestViewController.mm; sourceTree = "<group>"; };
		57F4CBE8280FF2B6008EF605 /* ARPreviewViewController.h */ = {isa = PBXFileReference; lastKnownFileType = sourcecode.c.h; path = ARPreviewViewController.h; sourceTree = "<group>"; };
		57F4CBE9280FF2B6008EF605 /* ARPreviewViewController.mm */ = {isa = PBXFileReference; lastKnownFileType = sourcecode.cpp.objcpp; path = ARPreviewViewController.mm; sourceTree = "<group>"; };
		57FABA9B27F6CA7C00A40F9B /* Models */ = {isa = PBXFileReference; lastKnownFileType = folder; path = Models; sourceTree = "<group>"; };
		57FABA9E27F6CAF500A40F9B /* HelperMD5Utils.h */ = {isa = PBXFileReference; fileEncoding = 4; lastKnownFileType = sourcecode.c.h; path = HelperMD5Utils.h; sourceTree = "<group>"; };
		57FABA9F27F6CAF500A40F9B /* HelperMD5.cpp */ = {isa = PBXFileReference; fileEncoding = 4; lastKnownFileType = sourcecode.cpp.cpp; path = HelperMD5.cpp; sourceTree = "<group>"; };
		57FABAA027F6CAF500A40F9B /* HelperMD5Utils.mm */ = {isa = PBXFileReference; fileEncoding = 4; lastKnownFileType = sourcecode.cpp.objcpp; path = HelperMD5Utils.mm; sourceTree = "<group>"; };
		57FABAA127F6CAF500A40F9B /* HelperMD5.hpp */ = {isa = PBXFileReference; fileEncoding = 4; lastKnownFileType = sourcecode.cpp.h; path = HelperMD5.hpp; sourceTree = "<group>"; };
		57FABAA427F6CB4500A40F9B /* MockingFileHelper.h */ = {isa = PBXFileReference; lastKnownFileType = sourcecode.c.h; path = MockingFileHelper.h; sourceTree = "<group>"; };
		57FABAA527F6CB4500A40F9B /* MockingFileHelper.m */ = {isa = PBXFileReference; lastKnownFileType = sourcecode.c.objc; path = MockingFileHelper.m; sourceTree = "<group>"; };
/* End PBXFileReference section */

/* Begin PBXFrameworksBuildPhase section */
		578D274D27F14E1300B57BB8 /* Frameworks */ = {
			isa = PBXFrameworksBuildPhase;
			buildActionMask = 2147483647;
			files = (
			);
			runOnlyForDeploymentPostprocessing = 0;
		};
/* End PBXFrameworksBuildPhase section */

/* Begin PBXGroup section */
		57342C5927F4617700EBFFD9 /* SDK */ = {
			isa = PBXGroup;
			children = (
				57342C5A27F4618E00EBFFD9 /* WTUnitySDK.h */,
				57342C5B27F4618E00EBFFD9 /* WTUnitySDK.mm */,
				574EBAAB288A7FD900C929C9 /* WTModelInfo.h */,
				574EBAAC288A7FD900C929C9 /* WTModelInfo.m */,
			);
			path = SDK;
			sourceTree = "<group>";
		};
		578D274727F14E1300B57BB8 = {
			isa = PBXGroup;
			children = (
				578D275227F14E1300B57BB8 /* ARCameraDemo */,
				578D275127F14E1300B57BB8 /* Products */,
				578D279127F169FF00B57BB8 /* Frameworks */,
			);
			sourceTree = "<group>";
		};
		578D275127F14E1300B57BB8 /* Products */ = {
			isa = PBXGroup;
			children = (
				578D275027F14E1300B57BB8 /* ARCameraDemo.app */,
			);
			name = Products;
			sourceTree = "<group>";
		};
		578D275227F14E1300B57BB8 /* ARCameraDemo */ = {
			isa = PBXGroup;
			children = (
				57342C5927F4617700EBFFD9 /* SDK */,
				578D279F27F1995000B57BB8 /* Controllers */,
				57FABA9927F6C9F900A40F9B /* Helpers */,
				57FABA9A27F6CA4100A40F9B /* Resources */,
				578D279D27F1944800B57BB8 /* MainViewController.mm */,
				578D275327F14E1300B57BB8 /* AppDelegate.h */,
				578D275427F14E1300B57BB8 /* AppDelegate.mm */,
				578D275C27F14E1300B57BB8 /* Main.storyboard */,
				578D275F27F14E1500B57BB8 /* Assets.xcassets */,
				57A2A21A28453BC8000C6DEB /* ARReferenceImages.xcassets */,
				578D276127F14E1500B57BB8 /* LaunchScreen.storyboard */,
				578D276427F14E1500B57BB8 /* Info.plist */,
				57342C5D27F463DA00EBFFD9 /* PrefixHeader.pch */,
				57342C5E27F47A5000EBFFD9 /* main.m */,
			);
			path = ARCameraDemo;
			sourceTree = "<group>";
		};
		578D279127F169FF00B57BB8 /* Frameworks */ = {
			isa = PBXGroup;
			children = (
				578D27B427F1CF1B00B57BB8 /* MVCommon.framework */,
				578D27B527F1CF1B00B57BB8 /* Mvx2.framework */,
				578D27B627F1CF1B00B57BB8 /* Mvx2BasicIO.framework */,
				578D27AA27F1CEC600B57BB8 /* MVZMQNetwork.framework */,
				578D27AB27F1CEC600B57BB8 /* SuperNetwork_mvp.framework */,
				578D27A627F1CEAD00B57BB8 /* MVX2File_mvp.framework */,
				578D279827F16A4500B57BB8 /* UnityFramework.framework */,
			);
			name = Frameworks;
			sourceTree = "<group>";
		};
		578D279F27F1995000B57BB8 /* Controllers */ = {
			isa = PBXGroup;
			children = (
				578D27A027F1997000B57BB8 /* MenuViewController.h */,
				578D27A127F1997000B57BB8 /* MenuViewController.mm */,
				578D27A327F1B39E00B57BB8 /* TestUnityViewController.h */,
				578D27A427F1B39E00B57BB8 /* TestUnityViewController.mm */,
				578903C027FAE11500B96731 /* ARCameraViewController.h */,
				578903C127FAE11500B96731 /* ARCameraViewController.mm */,
				57F4CBE8280FF2B6008EF605 /* ARPreviewViewController.h */,
				57F4CBE9280FF2B6008EF605 /* ARPreviewViewController.mm */,
				578F5AF82840C88C001DD269 /* Frame3DViewController.h */,
				578F5AF92840C88C001DD269 /* Frame3DViewController.mm */,
				57CAD2AF28470360001E8BC5 /* UniversalTestViewController.h */,
				57CAD2B028470360001E8BC5 /* UniversalTestViewController.mm */,
			);
			path = Controllers;
			sourceTree = "<group>";
		};
		57FABA9927F6C9F900A40F9B /* Helpers */ = {
			isa = PBXGroup;
			children = (
				57FABA9D27F6CAC200A40F9B /* Utils */,
				57FABAA427F6CB4500A40F9B /* MockingFileHelper.h */,
				57FABAA527F6CB4500A40F9B /* MockingFileHelper.m */,
			);
			path = Helpers;
			sourceTree = "<group>";
		};
		57FABA9A27F6CA4100A40F9B /* Resources */ = {
			isa = PBXGroup;
			children = (
				57FABA9B27F6CA7C00A40F9B /* Models */,
			);
			path = Resources;
			sourceTree = "<group>";
		};
		57FABA9D27F6CAC200A40F9B /* Utils */ = {
			isa = PBXGroup;
			children = (
				57FABAA127F6CAF500A40F9B /* HelperMD5.hpp */,
				57FABA9F27F6CAF500A40F9B /* HelperMD5.cpp */,
				57FABA9E27F6CAF500A40F9B /* HelperMD5Utils.h */,
				57FABAA027F6CAF500A40F9B /* HelperMD5Utils.mm */,
			);
			path = Utils;
			sourceTree = "<group>";
		};
/* End PBXGroup section */

/* Begin PBXNativeTarget section */
		578D274F27F14E1300B57BB8 /* ARCameraDemo */ = {
			isa = PBXNativeTarget;
			buildConfigurationList = 578D276927F14E1500B57BB8 /* Build configuration list for PBXNativeTarget "ARCameraDemo" */;
			buildPhases = (
				578D274C27F14E1300B57BB8 /* Sources */,
				578D274D27F14E1300B57BB8 /* Frameworks */,
				578D274E27F14E1300B57BB8 /* Resources */,
				578D279B27F16A4500B57BB8 /* Embed Frameworks */,
			);
			buildRules = (
			);
			dependencies = (
			);
			name = ARCameraDemo;
			productName = ARCameraDemo;
			productReference = 578D275027F14E1300B57BB8 /* ARCameraDemo.app */;
			productType = "com.apple.product-type.application";
		};
/* End PBXNativeTarget section */

/* Begin PBXProject section */
		578D274827F14E1300B57BB8 /* Project object */ = {
			isa = PBXProject;
			attributes = {
				BuildIndependentTargetsInParallel = 1;
				LastUpgradeCheck = 1320;
				TargetAttributes = {
					578D274F27F14E1300B57BB8 = {
						CreatedOnToolsVersion = 13.2.1;
					};
				};
			};
			buildConfigurationList = 578D274B27F14E1300B57BB8 /* Build configuration list for PBXProject "ARCameraDemo" */;
			compatibilityVersion = "Xcode 13.0";
			developmentRegion = en;
			hasScannedForEncodings = 0;
			knownRegions = (
				en,
				Base,
			);
			mainGroup = 578D274727F14E1300B57BB8;
			productRefGroup = 578D275127F14E1300B57BB8 /* Products */;
			projectDirPath = "";
			projectRoot = "";
			targets = (
				578D274F27F14E1300B57BB8 /* ARCameraDemo */,
			);
		};
/* End PBXProject section */

/* Begin PBXResourcesBuildPhase section */
		578D274E27F14E1300B57BB8 /* Resources */ = {
			isa = PBXResourcesBuildPhase;
			buildActionMask = 2147483647;
			files = (
				57FABAA727F6E23C00A40F9B /* Models in Resources */,
				57A2A21B28453BC8000C6DEB /* ARReferenceImages.xcassets in Resources */,
				578D276327F14E1500B57BB8 /* LaunchScreen.storyboard in Resources */,
				578D276027F14E1500B57BB8 /* Assets.xcassets in Resources */,
				578D275E27F14E1300B57BB8 /* Main.storyboard in Resources */,
			);
			runOnlyForDeploymentPostprocessing = 0;
		};
/* End PBXResourcesBuildPhase section */

/* Begin PBXSourcesBuildPhase section */
		578D274C27F14E1300B57BB8 /* Sources */ = {
			isa = PBXSourcesBuildPhase;
			buildActionMask = 2147483647;
			files = (
				578F5AFA2840C88C001DD269 /* Frame3DViewController.mm in Sources */,
				578903C227FAE11500B96731 /* ARCameraViewController.mm in Sources */,
				574EBAAD288A7FD900C929C9 /* WTModelInfo.m in Sources */,
				57CAD2B128470360001E8BC5 /* UniversalTestViewController.mm in Sources */,
				57FABAA327F6CAF500A40F9B /* HelperMD5Utils.mm in Sources */,
				578D275527F14E1300B57BB8 /* AppDelegate.mm in Sources */,
				578D279E27F1944800B57BB8 /* MainViewController.mm in Sources */,
				57342C5F27F47A5000EBFFD9 /* main.m in Sources */,
				57FABAA627F6CB4500A40F9B /* MockingFileHelper.m in Sources */,
				57F4CBEA280FF2B6008EF605 /* ARPreviewViewController.mm in Sources */,
				57342C5C27F4618E00EBFFD9 /* WTUnitySDK.mm in Sources */,
				578D27A227F1997000B57BB8 /* MenuViewController.mm in Sources */,
				57FABAA227F6CAF500A40F9B /* HelperMD5.cpp in Sources */,
				578D27A527F1B39E00B57BB8 /* TestUnityViewController.mm in Sources */,
			);
			runOnlyForDeploymentPostprocessing = 0;
		};
/* End PBXSourcesBuildPhase section */

/* Begin PBXVariantGroup section */
		578D275C27F14E1300B57BB8 /* Main.storyboard */ = {
			isa = PBXVariantGroup;
			children = (
				578D275D27F14E1300B57BB8 /* Base */,
			);
			name = Main.storyboard;
			sourceTree = "<group>";
		};
		578D276127F14E1500B57BB8 /* LaunchScreen.storyboard */ = {
			isa = PBXVariantGroup;
			children = (
				578D276227F14E1500B57BB8 /* Base */,
			);
			name = LaunchScreen.storyboard;
			sourceTree = "<group>";
		};
/* End PBXVariantGroup section */

/* Begin XCBuildConfiguration section */
		578D276727F14E1500B57BB8 /* Debug */ = {
			isa = XCBuildConfiguration;
			buildSettings = {
				ALWAYS_SEARCH_USER_PATHS = NO;
				CLANG_ANALYZER_NONNULL = YES;
				CLANG_ANALYZER_NUMBER_OBJECT_CONVERSION = YES_AGGRESSIVE;
				CLANG_CXX_LANGUAGE_STANDARD = "gnu++17";
				CLANG_CXX_LIBRARY = "libc++";
				CLANG_ENABLE_MODULES = YES;
				CLANG_ENABLE_OBJC_ARC = YES;
				CLANG_ENABLE_OBJC_WEAK = YES;
				CLANG_WARN_BLOCK_CAPTURE_AUTORELEASING = YES;
				CLANG_WARN_BOOL_CONVERSION = YES;
				CLANG_WARN_COMMA = YES;
				CLANG_WARN_CONSTANT_CONVERSION = YES;
				CLANG_WARN_DEPRECATED_OBJC_IMPLEMENTATIONS = YES;
				CLANG_WARN_DIRECT_OBJC_ISA_USAGE = YES_ERROR;
				CLANG_WARN_DOCUMENTATION_COMMENTS = YES;
				CLANG_WARN_EMPTY_BODY = YES;
				CLANG_WARN_ENUM_CONVERSION = YES;
				CLANG_WARN_INFINITE_RECURSION = YES;
				CLANG_WARN_INT_CONVERSION = YES;
				CLANG_WARN_NON_LITERAL_NULL_CONVERSION = YES;
				CLANG_WARN_OBJC_IMPLICIT_RETAIN_SELF = YES;
				CLANG_WARN_OBJC_LITERAL_CONVERSION = YES;
				CLANG_WARN_OBJC_ROOT_CLASS = YES_ERROR;
				CLANG_WARN_QUOTED_INCLUDE_IN_FRAMEWORK_HEADER = YES;
				CLANG_WARN_RANGE_LOOP_ANALYSIS = YES;
				CLANG_WARN_STRICT_PROTOTYPES = YES;
				CLANG_WARN_SUSPICIOUS_MOVE = YES;
				CLANG_WARN_UNGUARDED_AVAILABILITY = YES_AGGRESSIVE;
				CLANG_WARN_UNREACHABLE_CODE = YES;
				CLANG_WARN__DUPLICATE_METHOD_MATCH = YES;
				COPY_PHASE_STRIP = NO;
				DEBUG_INFORMATION_FORMAT = dwarf;
				ENABLE_BITCODE = NO;
				ENABLE_STRICT_OBJC_MSGSEND = YES;
				ENABLE_TESTABILITY = YES;
				GCC_C_LANGUAGE_STANDARD = gnu11;
				GCC_DYNAMIC_NO_PIC = NO;
				GCC_NO_COMMON_BLOCKS = YES;
				GCC_OPTIMIZATION_LEVEL = 0;
				GCC_PREFIX_HEADER = ARCameraDemo/PrefixHeader.pch;
				GCC_PREPROCESSOR_DEFINITIONS = (
					"DEBUG=1",
					"$(inherited)",
				);
				GCC_WARN_64_TO_32_BIT_CONVERSION = YES;
				GCC_WARN_ABOUT_RETURN_TYPE = YES_ERROR;
				GCC_WARN_UNDECLARED_SELECTOR = YES;
				GCC_WARN_UNINITIALIZED_AUTOS = YES_AGGRESSIVE;
				GCC_WARN_UNUSED_FUNCTION = YES;
				GCC_WARN_UNUSED_VARIABLE = YES;
				IPHONEOS_DEPLOYMENT_TARGET = 11.0;
				MTL_ENABLE_DEBUG_INFO = INCLUDE_SOURCE;
				MTL_FAST_MATH = YES;
				ONLY_ACTIVE_ARCH = YES;
				SDKROOT = iphoneos;
				WARNING_CFLAGS = (
					"-Wno-quoted-include-in-framework-header",
					"-Wno-deprecated-declarations",
				);
			};
			name = Debug;
		};
		578D276827F14E1500B57BB8 /* Release */ = {
			isa = XCBuildConfiguration;
			buildSettings = {
				ALWAYS_SEARCH_USER_PATHS = NO;
				CLANG_ANALYZER_NONNULL = YES;
				CLANG_ANALYZER_NUMBER_OBJECT_CONVERSION = YES_AGGRESSIVE;
				CLANG_CXX_LANGUAGE_STANDARD = "gnu++17";
				CLANG_CXX_LIBRARY = "libc++";
				CLANG_ENABLE_MODULES = YES;
				CLANG_ENABLE_OBJC_ARC = YES;
				CLANG_ENABLE_OBJC_WEAK = YES;
				CLANG_WARN_BLOCK_CAPTURE_AUTORELEASING = YES;
				CLANG_WARN_BOOL_CONVERSION = YES;
				CLANG_WARN_COMMA = YES;
				CLANG_WARN_CONSTANT_CONVERSION = YES;
				CLANG_WARN_DEPRECATED_OBJC_IMPLEMENTATIONS = YES;
				CLANG_WARN_DIRECT_OBJC_ISA_USAGE = YES_ERROR;
				CLANG_WARN_DOCUMENTATION_COMMENTS = YES;
				CLANG_WARN_EMPTY_BODY = YES;
				CLANG_WARN_ENUM_CONVERSION = YES;
				CLANG_WARN_INFINITE_RECURSION = YES;
				CLANG_WARN_INT_CONVERSION = YES;
				CLANG_WARN_NON_LITERAL_NULL_CONVERSION = YES;
				CLANG_WARN_OBJC_IMPLICIT_RETAIN_SELF = YES;
				CLANG_WARN_OBJC_LITERAL_CONVERSION = YES;
				CLANG_WARN_OBJC_ROOT_CLASS = YES_ERROR;
				CLANG_WARN_QUOTED_INCLUDE_IN_FRAMEWORK_HEADER = YES;
				CLANG_WARN_RANGE_LOOP_ANALYSIS = YES;
				CLANG_WARN_STRICT_PROTOTYPES = YES;
				CLANG_WARN_SUSPICIOUS_MOVE = YES;
				CLANG_WARN_UNGUARDED_AVAILABILITY = YES_AGGRESSIVE;
				CLANG_WARN_UNREACHABLE_CODE = YES;
				CLANG_WARN__DUPLICATE_METHOD_MATCH = YES;
				COPY_PHASE_STRIP = NO;
				DEBUG_INFORMATION_FORMAT = "dwarf-with-dsym";
				ENABLE_BITCODE = NO;
				ENABLE_NS_ASSERTIONS = NO;
				ENABLE_STRICT_OBJC_MSGSEND = YES;
				GCC_C_LANGUAGE_STANDARD = gnu11;
				GCC_NO_COMMON_BLOCKS = YES;
				GCC_PREFIX_HEADER = ARCameraDemo/PrefixHeader.pch;
				GCC_WARN_64_TO_32_BIT_CONVERSION = YES;
				GCC_WARN_ABOUT_RETURN_TYPE = YES_ERROR;
				GCC_WARN_UNDECLARED_SELECTOR = YES;
				GCC_WARN_UNINITIALIZED_AUTOS = YES_AGGRESSIVE;
				GCC_WARN_UNUSED_FUNCTION = YES;
				GCC_WARN_UNUSED_VARIABLE = YES;
				IPHONEOS_DEPLOYMENT_TARGET = 11.0;
				MTL_ENABLE_DEBUG_INFO = NO;
				MTL_FAST_MATH = YES;
				SDKROOT = iphoneos;
				VALIDATE_PRODUCT = YES;
				WARNING_CFLAGS = (
					"-Wno-quoted-include-in-framework-header",
					"-Wno-deprecated-declarations",
				);
			};
			name = Release;
		};
		578D276A27F14E1500B57BB8 /* Debug */ = {
			isa = XCBuildConfiguration;
			buildSettings = {
				ASSETCATALOG_COMPILER_APPICON_NAME = AppIcon;
				ASSETCATALOG_COMPILER_GLOBAL_ACCENT_COLOR_NAME = AccentColor;
				CODE_SIGN_STYLE = Automatic;
				CURRENT_PROJECT_VERSION = 1;
				DEVELOPMENT_TEAM = FT485C4QQ7;
				GENERATE_INFOPLIST_FILE = YES;
				INFOPLIST_FILE = ARCameraDemo/Info.plist;
				INFOPLIST_KEY_NSCameraUsageDescription = "AR Camera Needs Camera";
				INFOPLIST_KEY_UIApplicationSupportsIndirectInputEvents = YES;
				INFOPLIST_KEY_UILaunchStoryboardName = LaunchScreen;
				INFOPLIST_KEY_UIMainStoryboardFile = Main;
				INFOPLIST_KEY_UIStatusBarHidden = NO;
				INFOPLIST_KEY_UISupportedInterfaceOrientations_iPad = "UIInterfaceOrientationPortrait UIInterfaceOrientationPortraitUpsideDown UIInterfaceOrientationLandscapeLeft UIInterfaceOrientationLandscapeRight";
				INFOPLIST_KEY_UISupportedInterfaceOrientations_iPhone = "UIInterfaceOrientationPortrait UIInterfaceOrientationLandscapeLeft UIInterfaceOrientationLandscapeRight";
				IPHONEOS_DEPLOYMENT_TARGET = 11.0;
				LD_RUNPATH_SEARCH_PATHS = (
					"$(inherited)",
					"@executable_path/Frameworks",
				);
				MARKETING_VERSION = 1.0;
				PRODUCT_BUNDLE_IDENTIFIER = com.weitech.ar.ARCameraDemo;
				PRODUCT_NAME = "$(TARGET_NAME)";
				STRIP_INSTALLED_PRODUCT = YES;
				SWIFT_EMIT_LOC_STRINGS = YES;
				TARGETED_DEVICE_FAMILY = 1;
				WARNING_CFLAGS = (
					"-Wno-quoted-include-in-framework-header",
					"-Wno-deprecated-declarations",
				);
			};
			name = Debug;
		};
		578D276B27F14E1500B57BB8 /* Release */ = {
			isa = XCBuildConfiguration;
			buildSettings = {
				ASSETCATALOG_COMPILER_APPICON_NAME = AppIcon;
				ASSETCATALOG_COMPILER_GLOBAL_ACCENT_COLOR_NAME = AccentColor;
				CODE_SIGN_STYLE = Automatic;
				CURRENT_PROJECT_VERSION = 1;
				DEVELOPMENT_TEAM = FT485C4QQ7;
				GENERATE_INFOPLIST_FILE = YES;
				INFOPLIST_FILE = ARCameraDemo/Info.plist;
				INFOPLIST_KEY_NSCameraUsageDescription = "AR Camera Needs Camera";
				INFOPLIST_KEY_UIApplicationSupportsIndirectInputEvents = YES;
				INFOPLIST_KEY_UILaunchStoryboardName = LaunchScreen;
				INFOPLIST_KEY_UIMainStoryboardFile = Main;
				INFOPLIST_KEY_UIStatusBarHidden = NO;
				INFOPLIST_KEY_UISupportedInterfaceOrientations_iPad = "UIInterfaceOrientationPortrait UIInterfaceOrientationPortraitUpsideDown UIInterfaceOrientationLandscapeLeft UIInterfaceOrientationLandscapeRight";
				INFOPLIST_KEY_UISupportedInterfaceOrientations_iPhone = "UIInterfaceOrientationPortrait UIInterfaceOrientationLandscapeLeft UIInterfaceOrientationLandscapeRight";
				IPHONEOS_DEPLOYMENT_TARGET = 11.0;
				LD_RUNPATH_SEARCH_PATHS = (
					"$(inherited)",
					"@executable_path/Frameworks",
				);
				MARKETING_VERSION = 1.0;
				PRODUCT_BUNDLE_IDENTIFIER = com.weitech.ar.ARCameraDemo;
				PRODUCT_NAME = "$(TARGET_NAME)";
				STRIP_INSTALLED_PRODUCT = YES;
				SWIFT_EMIT_LOC_STRINGS = YES;
				TARGETED_DEVICE_FAMILY = 1;
				WARNING_CFLAGS = (
					"-Wno-quoted-include-in-framework-header",
					"-Wno-deprecated-declarations",
				);
			};
			name = Release;
		};
/* End XCBuildConfiguration section */

/* Begin XCConfigurationList section */
		578D274B27F14E1300B57BB8 /* Build configuration list for PBXProject "ARCameraDemo" */ = {
			isa = XCConfigurationList;
			buildConfigurations = (
				578D276727F14E1500B57BB8 /* Debug */,
				578D276827F14E1500B57BB8 /* Release */,
			);
			defaultConfigurationIsVisible = 0;
			defaultConfigurationName = Release;
		};
		578D276927F14E1500B57BB8 /* Build configuration list for PBXNativeTarget "ARCameraDemo" */ = {
			isa = XCConfigurationList;
			buildConfigurations = (
				578D276A27F14E1500B57BB8 /* Debug */,
				578D276B27F14E1500B57BB8 /* Release */,
			);
			defaultConfigurationIsVisible = 0;
			defaultConfigurationName = Release;
		};
/* End XCConfigurationList section */
	};
	rootObject = 578D274827F14E1300B57BB8 /* Project object */;
}
